
Microsoft Visual Studio Solution File, Format Version 12.00
# Visual Studio 15
VisualStudioVersion = 15.0.28307.757
MinimumVisualStudioVersion = 10.0.40219.1
Project("{9A19103F-16F7-4668-BE54-9A1E7A4F7556}") = "graphql-web", "graphql-web.csproj", "{FAFD5AB7-A8EE-47C9-9707-D393E4B22D78}"
EndProject
Global
	GlobalSection(SolutionConfigurationPlatforms) = preSolution
		Debug|Any CPU = Debug|Any CPU
		Release|Any CPU = Release|Any CPU
	EndGlobalSection
	GlobalSection(ProjectConfigurationPlatforms) = postSolution
		{FAFD5AB7-A8EE-47C9-9707-D393E4B22D78}.Debug|Any CPU.ActiveCfg = Debug|Any CPU
		{FAFD5AB7-A8EE-47C9-9707-D393E4B22D78}.Debug|Any CPU.Build.0 = Debug|Any CPU
		{FAFD5AB7-A8EE-47C9-9707-D393E4B22D78}.Release|Any CPU.ActiveCfg = Release|Any CPU
		{FAFD5AB7-A8EE-47C9-9707-D393E4B22D78}.Release|Any CPU.Build.0 = Release|Any CPU
	EndGlobalSection
	GlobalSection(SolutionProperties) = preSolution
		HideSolutionNode = FALSE
	EndGlobalSection
	GlobalSection(ExtensibilityGlobals) = postSolution
		SolutionGuid = {160AF955-31D9-46E9-9351-3EFF41593D0E}
	EndGlobalSection
EndGlobal
